{
  "name": "@midasai/bridge",
  "version": "1.0.1",
  "lockfileVersion": 3,
  "requires": true,
  "packages": {
    "": {
      "name": "@midasai/bridge",
      "version": "1.0.1",
      "license": "MIT",
      "dependencies": {
        "@midasai/bridge": "^1.0.1"
      },
      "bin": {
        "bridge": "bin/midas-bridge.js"
      },
      "engines": {
        "node": ">=18.0.0"
      }
    },
    "node_modules/@midasai/bridge": {
      "version": "1.0.1",
      "resolved": "https://registry.npmjs.org/@midasai/bridge/-/bridge-1.0.1.tgz",
      "integrity": "sha512-X42s/pSS6yJPHNF3qh+WJ0JzLYDC/NJFr+tPuS46jyJa3i0wjk/hQpIm/OzaIH6KlI4qaTwXR3U09oig7IalJw==",
      "license": "MIT",
      "bin": {
        "bridge": "bin/midas-bridge.js"
      },
      "engines": {
        "node": ">=18.0.0"
      }
    }
  }
}
